// !$*UTF8*$!
{
	archiveVersion = 1;
	classes = {
	};
	objectVersion = 56;
	objects = {

/* Begin PBXBuildFile section */
		AF561C4729B5A4A5000EF400 /* AppDelegate.swift in Sources */ = {isa = PBXBuildFile; fileRef = AF561C4629B5A4A5000EF400 /* AppDelegate.swift */; };
		AF561C4929B5A4A5000EF400 /* SceneDelegate.swift in Sources */ = {isa = PBXBuildFile; fileRef = AF561C4829B5A4A5000EF400 /* SceneDelegate.swift */; };
		AF561C4E29B5A4A5000EF400 /* Main.storyboard in Resources */ = {isa = PBXBuildFile; fileRef = AF561C4C29B5A4A5000EF400 /* Main.storyboard */; };
		AF561C5029B5A4A6000EF400 /* Assets.xcassets in Resources */ = {isa = PBXBuildFile; fileRef = AF561C4F29B5A4A6000EF400 /* Assets.xcassets */; };
		AF561C5329B5A4A6000EF400 /* LaunchScreen.storyboard in Resources */ = {isa = PBXBuildFile; fileRef = AF561C5129B5A4A6000EF400 /* LaunchScreen.storyboard */; };
		AF561C5D29B5A9E1000EF400 /* AlbumSearchTableViewController.swift in Sources */ = {isa = PBXBuildFile; fileRef = AF561C5C29B5A9E1000EF400 /* AlbumSearchTableViewController.swift */; };
		AF561C6129B5AE4D000EF400 /* Constants.swift in Sources */ = {isa = PBXBuildFile; fileRef = AF561C6029B5AE4D000EF400 /* Constants.swift */; };
		AF561C6329B5B004000EF400 /* Album.swift in Sources */ = {isa = PBXBuildFile; fileRef = AF561C6229B5B004000EF400 /* Album.swift */; };
		AF561C6629B5B603000EF400 /* NetworkErrors.swift in Sources */ = {isa = PBXBuildFile; fileRef = AF561C6529B5B603000EF400 /* NetworkErrors.swift */; };
		AF561C6829B5B6D4000EF400 /* NetworkingController.swift in Sources */ = {isa = PBXBuildFile; fileRef = AF561C6729B5B6D4000EF400 /* NetworkingController.swift */; };
		AF561C6B29B5BA1D000EF400 /* AlbumTableViewCell.swift in Sources */ = {isa = PBXBuildFile; fileRef = AF561C6A29B5BA1D000EF400 /* AlbumTableViewCell.swift */; };
		AFDA41BF29B98A7F007AF208 /* Song.swift in Sources */ = {isa = PBXBuildFile; fileRef = AFDA41BE29B98A7F007AF208 /* Song.swift */; };
/* End PBXBuildFile section */

/* Begin PBXFileReference section */
		AF561C4329B5A4A5000EF400 /* Assessment 5 iTunes.app */ = {isa = PBXFileReference; explicitFileType = wrapper.application; includeInIndex = 0; path = "Assessment 5 iTunes.app"; sourceTree = BUILT_PRODUCTS_DIR; };
		AF561C4629B5A4A5000EF400 /* AppDelegate.swift */ = {isa = PBXFileReference; lastKnownFileType = sourcecode.swift; path = AppDelegate.swift; sourceTree = "<group>"; };
		AF561C4829B5A4A5000EF400 /* SceneDelegate.swift */ = {isa = PBXFileReference; lastKnownFileType = sourcecode.swift; path = SceneDelegate.swift; sourceTree = "<group>"; };
		AF561C4D29B5A4A5000EF400 /* Base */ = {isa = PBXFileReference; lastKnownFileType = file.storyboard; name = Base; path = Base.lproj/Main.storyboard; sourceTree = "<group>"; };
		AF561C4F29B5A4A6000EF400 /* Assets.xcassets */ = {isa = PBXFileReference; lastKnownFileType = folder.assetcatalog; path = Assets.xcassets; sourceTree = "<group>"; };
		AF561C5229B5A4A6000EF400 /* Base */ = {isa = PBXFileReference; lastKnownFileType = file.storyboard; name = Base; path = Base.lproj/LaunchScreen.storyboard; sourceTree = "<group>"; };
		AF561C5429B5A4A6000EF400 /* Info.plist */ = {isa = PBXFileReference; lastKnownFileType = text.plist.xml; path = Info.plist; sourceTree = "<group>"; };
		AF561C5C29B5A9E1000EF400 /* AlbumSearchTableViewController.swift */ = {isa = PBXFileReference; lastKnownFileType = sourcecode.swift; path = AlbumSearchTableViewController.swift; sourceTree = "<group>"; };
		AF561C6029B5AE4D000EF400 /* Constants.swift */ = {isa = PBXFileReference; lastKnownFileType = sourcecode.swift; path = Constants.swift; sourceTree = "<group>"; };
		AF561C6229B5B004000EF400 /* Album.swift */ = {isa = PBXFileReference; lastKnownFileType = sourcecode.swift; path = Album.swift; sourceTree = "<group>"; };
		AF561C6529B5B603000EF400 /* NetworkErrors.swift */ = {isa = PBXFileReference; lastKnownFileType = sourcecode.swift; path = NetworkErrors.swift; sourceTree = "<group>"; };
		AF561C6729B5B6D4000EF400 /* NetworkingController.swift */ = {isa = PBXFileReference; lastKnownFileType = sourcecode.swift; path = NetworkingController.swift; sourceTree = "<group>"; };
		AF561C6A29B5BA1D000EF400 /* AlbumTableViewCell.swift */ = {isa = PBXFileReference; lastKnownFileType = sourcecode.swift; path = AlbumTableViewCell.swift; sourceTree = "<group>"; };
		AFDA41BE29B98A7F007AF208 /* Song.swift */ = {isa = PBXFileReference; lastKnownFileType = sourcecode.swift; path = Song.swift; sourceTree = "<group>"; };
/* End PBXFileReference section */

/* Begin PBXFrameworksBuildPhase section */
		AF561C4029B5A4A5000EF400 /* Frameworks */ = {
			isa = PBXFrameworksBuildPhase;
			buildActionMask = 2147483647;
			files = (
			);
			runOnlyForDeploymentPostprocessing = 0;
		};
/* End PBXFrameworksBuildPhase section */

/* Begin PBXGroup section */
		AF561C3A29B5A4A5000EF400 = {
			isa = PBXGroup;
			children = (
				AF561C4529B5A4A5000EF400 /* Assessment 5 iTunes */,
				AF561C4429B5A4A5000EF400 /* Products */,
			);
			sourceTree = "<group>";
		};
		AF561C4429B5A4A5000EF400 /* Products */ = {
			isa = PBXGroup;
			children = (
				AF561C4329B5A4A5000EF400 /* Assessment 5 iTunes.app */,
			);
			name = Products;
			sourceTree = "<group>";
		};
		AF561C4529B5A4A5000EF400 /* Assessment 5 iTunes */ = {
			isa = PBXGroup;
			children = (
				AF561C5A29B5A4D9000EF400 /* Supporting Files */,
				AF561C5B29B5A4E4000EF400 /* Storyboard */,
				AF561C5E29B5A9E4000EF400 /* Controllers */,
				AF561C6429B5B007000EF400 /* Models */,
			);
			path = "Assessment 5 iTunes";
			sourceTree = "<group>";
		};
		AF561C5A29B5A4D9000EF400 /* Supporting Files */ = {
			isa = PBXGroup;
			children = (
				AF561C4629B5A4A5000EF400 /* AppDelegate.swift */,
				AF561C4829B5A4A5000EF400 /* SceneDelegate.swift */,
				AF561C4F29B5A4A6000EF400 /* Assets.xcassets */,
				AF561C5429B5A4A6000EF400 /* Info.plist */,
				AF561C6029B5AE4D000EF400 /* Constants.swift */,
				AF561C6529B5B603000EF400 /* NetworkErrors.swift */,
			);
			path = "Supporting Files";
			sourceTree = "<group>";
		};
		AF561C5B29B5A4E4000EF400 /* Storyboard */ = {
			isa = PBXGroup;
			children = (
				AF561C4C29B5A4A5000EF400 /* Main.storyboard */,
				AF561C5129B5A4A6000EF400 /* LaunchScreen.storyboard */,
			);
			path = Storyboard;
			sourceTree = "<group>";
		};
		AF561C5E29B5A9E4000EF400 /* Controllers */ = {
			isa = PBXGroup;
			children = (
				AF561C5F29B5A9E9000EF400 /* View */,
				AF561C6929B5B9FB000EF400 /* Networking */,
				AF561C6C29B5BA21000EF400 /* Custom Cells */,
			);
			path = Controllers;
			sourceTree = "<group>";
		};
		AF561C5F29B5A9E9000EF400 /* View */ = {
			isa = PBXGroup;
			children = (
				AF561C5C29B5A9E1000EF400 /* AlbumSearchTableViewController.swift */,
			);
			path = View;
			sourceTree = "<group>";
		};
		AF561C6429B5B007000EF400 /* Models */ = {
			isa = PBXGroup;
			children = (
				AF561C6229B5B004000EF400 /* Album.swift */,
				AFDA41BE29B98A7F007AF208 /* Song.swift */,
			);
			path = Models;
			sourceTree = "<group>";
		};
		AF561C6929B5B9FB000EF400 /* Networking */ = {
			isa = PBXGroup;
			children = (
				AF561C6729B5B6D4000EF400 /* NetworkingController.swift */,
			);
			path = Networking;
			sourceTree = "<group>";
		};
		AF561C6C29B5BA21000EF400 /* Custom Cells */ = {
			isa = PBXGroup;
			children = (
				AF561C6A29B5BA1D000EF400 /* AlbumTableViewCell.swift */,
			);
			path = "Custom Cells";
			sourceTree = "<group>";
		};
/* End PBXGroup section */

/* Begin PBXNativeTarget section */
		AF561C4229B5A4A5000EF400 /* Assessment 5 iTunes */ = {
			isa = PBXNativeTarget;
			buildConfigurationList = AF561C5729B5A4A6000EF400 /* Build configuration list for PBXNativeTarget "Assessment 5 iTunes" */;
			buildPhases = (
				AF561C3F29B5A4A5000EF400 /* Sources */,
				AF561C4029B5A4A5000EF400 /* Frameworks */,
				AF561C4129B5A4A5000EF400 /* Resources */,
			);
			buildRules = (
			);
			dependencies = (
			);
			name = "Assessment 5 iTunes";
			productName = "Assessment 5 iTunes";
			productReference = AF561C4329B5A4A5000EF400 /* Assessment 5 iTunes.app */;
			productType = "com.apple.product-type.application";
		};
/* End PBXNativeTarget section */

/* Begin PBXProject section */
		AF561C3B29B5A4A5000EF400 /* Project object */ = {
			isa = PBXProject;
			attributes = {
				BuildIndependentTargetsInParallel = 1;
				LastSwiftUpdateCheck = 1420;
				LastUpgradeCheck = 1420;
				TargetAttributes = {
					AF561C4229B5A4A5000EF400 = {
						CreatedOnToolsVersion = 14.2;
					};
				};
			};
			buildConfigurationList = AF561C3E29B5A4A5000EF400 /* Build configuration list for PBXProject "Assessment 5 iTunes" */;
			compatibilityVersion = "Xcode 14.0";
			developmentRegion = en;
			hasScannedForEncodings = 0;
			knownRegions = (
				en,
				Base,
			);
			mainGroup = AF561C3A29B5A4A5000EF400;
			productRefGroup = AF561C4429B5A4A5000EF400 /* Products */;
			projectDirPath = "";
			projectRoot = "";
			targets = (
				AF561C4229B5A4A5000EF400 /* Assessment 5 iTunes */,
			);
		};
/* End PBXProject section */

/* Begin PBXResourcesBuildPhase section */
		AF561C4129B5A4A5000EF400 /* Resources */ = {
			isa = PBXResourcesBuildPhase;
			buildActionMask = 2147483647;
			files = (
				AF561C5329B5A4A6000EF400 /* LaunchScreen.storyboard in Resources */,
				AF561C5029B5A4A6000EF400 /* Assets.xcassets in Resources */,
				AF561C4E29B5A4A5000EF400 /* Main.storyboard in Resources */,
			);
			runOnlyForDeploymentPostprocessing = 0;
		};
/* End PBXResourcesBuildPhase section */

/* Begin PBXSourcesBuildPhase section */
		AF561C3F29B5A4A5000EF400 /* Sources */ = {
			isa = PBXSourcesBuildPhase;
			buildActionMask = 2147483647;
			files = (
				AFDA41BF29B98A7F007AF208 /* Song.swift in Sources */,
				AF561C4729B5A4A5000EF400 /* AppDelegate.swift in Sources */,
				AF561C5D29B5A9E1000EF400 /* AlbumSearchTableViewController.swift in Sources */,
				AF561C4929B5A4A5000EF400 /* SceneDelegate.swift in Sources */,
				AF561C6829B5B6D4000EF400 /* NetworkingController.swift in Sources */,
				AF561C6129B5AE4D000EF400 /* Constants.swift in Sources */,
				AF561C6329B5B004000EF400 /* Album.swift in Sources */,
				AF561C6629B5B603000EF400 /* NetworkErrors.swift in Sources */,
				AF561C6B29B5BA1D000EF400 /* AlbumTableViewCell.swift in Sources */,
			);
			runOnlyForDeploymentPostprocessing = 0;
		};
/* End PBXSourcesBuildPhase section */

/* Begin PBXVariantGroup section */
		AF561C4C29B5A4A5000EF400 /* Main.storyboard */ = {
			isa = PBXVariantGroup;
			children = (
				AF561C4D29B5A4A5000EF400 /* Base */,
			);
			name = Main.storyboard;
			sourceTree = "<group>";
		};
		AF561C5129B5A4A6000EF400 /* LaunchScreen.storyboard */ = {
			isa = PBXVariantGroup;
			children = (
				AF561C5229B5A4A6000EF400 /* Base */,
			);
			name = LaunchScreen.storyboard;
			sourceTree = "<group>";
		};
/* End PBXVariantGroup section */

/* Begin XCBuildConfiguration section */
		AF561C5529B5A4A6000EF400 /* Debug */ = {
			isa = XCBuildConfiguration;
			buildSettings = {
				ALWAYS_SEARCH_USER_PATHS = NO;
				CLANG_ANALYZER_NONNULL = YES;
				CLANG_ANALYZER_NUMBER_OBJECT_CONVERSION = YES_AGGRESSIVE;
				CLANG_CXX_LANGUAGE_STANDARD = "gnu++20";
				CLANG_ENABLE_MODULES = YES;
				CLANG_ENABLE_OBJC_ARC = YES;
				CLANG_ENABLE_OBJC_WEAK = YES;
				CLANG_WARN_BLOCK_CAPTURE_AUTORELEASING = YES;
				CLANG_WARN_BOOL_CONVERSION = YES;
				CLANG_WARN_COMMA = YES;
				CLANG_WARN_CONSTANT_CONVERSION = YES;
				CLANG_WARN_DEPRECATED_OBJC_IMPLEMENTATIONS = YES;
				CLANG_WARN_DIRECT_OBJC_ISA_USAGE = YES_ERROR;
				CLANG_WARN_DOCUMENTATION_COMMENTS = YES;
				CLANG_WARN_EMPTY_BODY = YES;
				CLANG_WARN_ENUM_CONVERSION = YES;
				CLANG_WARN_INFINITE_RECURSION = YES;
				CLANG_WARN_INT_CONVERSION = YES;
				CLANG_WARN_NON_LITERAL_NULL_CONVERSION = YES;
				CLANG_WARN_OBJC_IMPLICIT_RETAIN_SELF = YES;
				CLANG_WARN_OBJC_LITERAL_CONVERSION = YES;
				CLANG_WARN_OBJC_ROOT_CLASS = YES_ERROR;
				CLANG_WARN_QUOTED_INCLUDE_IN_FRAMEWORK_HEADER = YES;
				CLANG_WARN_RANGE_LOOP_ANALYSIS = YES;
				CLANG_WARN_STRICT_PROTOTYPES = YES;
				CLANG_WARN_SUSPICIOUS_MOVE = YES;
				CLANG_WARN_UNGUARDED_AVAILABILITY = YES_AGGRESSIVE;
				CLANG_WARN_UNREACHABLE_CODE = YES;
				CLANG_WARN__DUPLICATE_METHOD_MATCH = YES;
				COPY_PHASE_STRIP = NO;
				DEBUG_INFORMATION_FORMAT = dwarf;
				ENABLE_STRICT_OBJC_MSGSEND = YES;
				ENABLE_TESTABILITY = YES;
				GCC_C_LANGUAGE_STANDARD = gnu11;
				GCC_DYNAMIC_NO_PIC = NO;
				GCC_NO_COMMON_BLOCKS = YES;
				GCC_OPTIMIZATION_LEVEL = 0;
				GCC_PREPROCESSOR_DEFINITIONS = (
					"DEBUG=1",
					"$(inherited)",
				);
				GCC_WARN_64_TO_32_BIT_CONVERSION = YES;
				GCC_WARN_ABOUT_RETURN_TYPE = YES_ERROR;
				GCC_WARN_UNDECLARED_SELECTOR = YES;
				GCC_WARN_UNINITIALIZED_AUTOS = YES_AGGRESSIVE;
				GCC_WARN_UNUSED_FUNCTION = YES;
				GCC_WARN_UNUSED_VARIABLE = YES;
				IPHONEOS_DEPLOYMENT_TARGET = 16.2;
				MTL_ENABLE_DEBUG_INFO = INCLUDE_SOURCE;
				MTL_FAST_MATH = YES;
				ONLY_ACTIVE_ARCH = YES;
				SDKROOT = iphoneos;
				SWIFT_ACTIVE_COMPILATION_CONDITIONS = DEBUG;
				SWIFT_OPTIMIZATION_LEVEL = "-Onone";
			};
			name = Debug;
		};
		AF561C5629B5A4A6000EF400 /* Release */ = {
			isa = XCBuildConfiguration;
			buildSettings = {
				ALWAYS_SEARCH_USER_PATHS = NO;
				CLANG_ANALYZER_NONNULL = YES;
				CLANG_ANALYZER_NUMBER_OBJECT_CONVERSION = YES_AGGRESSIVE;
				CLANG_CXX_LANGUAGE_STANDARD = "gnu++20";
				CLANG_ENABLE_MODULES = YES;
				CLANG_ENABLE_OBJC_ARC = YES;
				CLANG_ENABLE_OBJC_WEAK = YES;
				CLANG_WARN_BLOCK_CAPTURE_AUTORELEASING = YES;
				CLANG_WARN_BOOL_CONVERSION = YES;
				CLANG_WARN_COMMA = YES;
				CLANG_WARN_CONSTANT_CONVERSION = YES;
				CLANG_WARN_DEPRECATED_OBJC_IMPLEMENTATIONS = YES;
				CLANG_WARN_DIRECT_OBJC_ISA_USAGE = YES_ERROR;
				CLANG_WARN_DOCUMENTATION_COMMENTS = YES;
				CLANG_WARN_EMPTY_BODY = YES;
				CLANG_WARN_ENUM_CONVERSION = YES;
				CLANG_WARN_INFINITE_RECURSION = YES;
				CLANG_WARN_INT_CONVERSION = YES;
				CLANG_WARN_NON_LITERAL_NULL_CONVERSION = YES;
				CLANG_WARN_OBJC_IMPLICIT_RETAIN_SELF = YES;
				CLANG_WARN_OBJC_LITERAL_CONVERSION = YES;
				CLANG_WARN_OBJC_ROOT_CLASS = YES_ERROR;
				CLANG_WARN_QUOTED_INCLUDE_IN_FRAMEWORK_HEADER = YES;
				CLANG_WARN_RANGE_LOOP_ANALYSIS = YES;
				CLANG_WARN_STRICT_PROTOTYPES = YES;
				CLANG_WARN_SUSPICIOUS_MOVE = YES;
				CLANG_WARN_UNGUARDED_AVAILABILITY = YES_AGGRESSIVE;
				CLANG_WARN_UNREACHABLE_CODE = YES;
				CLANG_WARN__DUPLICATE_METHOD_MATCH = YES;
				COPY_PHASE_STRIP = NO;
				DEBUG_INFORMATION_FORMAT = "dwarf-with-dsym";
				ENABLE_NS_ASSERTIONS = NO;
				ENABLE_STRICT_OBJC_MSGSEND = YES;
				GCC_C_LANGUAGE_STANDARD = gnu11;
				GCC_NO_COMMON_BLOCKS = YES;
				GCC_WARN_64_TO_32_BIT_CONVERSION = YES;
				GCC_WARN_ABOUT_RETURN_TYPE = YES_ERROR;
				GCC_WARN_UNDECLARED_SELECTOR = YES;
				GCC_WARN_UNINITIALIZED_AUTOS = YES_AGGRESSIVE;
				GCC_WARN_UNUSED_FUNCTION = YES;
				GCC_WARN_UNUSED_VARIABLE = YES;
				IPHONEOS_DEPLOYMENT_TARGET = 16.2;
				MTL_ENABLE_DEBUG_INFO = NO;
				MTL_FAST_MATH = YES;
				SDKROOT = iphoneos;
				SWIFT_COMPILATION_MODE = wholemodule;
				SWIFT_OPTIMIZATION_LEVEL = "-O";
				VALIDATE_PRODUCT = YES;
			};
			name = Release;
		};
		AF561C5829B5A4A6000EF400 /* Debug */ = {
			isa = XCBuildConfiguration;
			buildSettings = {
				ASSETCATALOG_COMPILER_APPICON_NAME = AppIcon;
				ASSETCATALOG_COMPILER_GLOBAL_ACCENT_COLOR_NAME = AccentColor;
				CODE_SIGN_STYLE = Automatic;
				CURRENT_PROJECT_VERSION = 1;
				GENERATE_INFOPLIST_FILE = YES;
				INFOPLIST_FILE = "Assessment 5 iTunes/Supporting Files/Info.plist";
				INFOPLIST_KEY_UIApplicationSupportsIndirectInputEvents = YES;
				INFOPLIST_KEY_UILaunchStoryboardName = LaunchScreen;
				INFOPLIST_KEY_UIMainStoryboardFile = Main;
				INFOPLIST_KEY_UISupportedInterfaceOrientations_iPad = "UIInterfaceOrientationPortrait UIInterfaceOrientationPortraitUpsideDown UIInterfaceOrientationLandscapeLeft UIInterfaceOrientationLandscapeRight";
				INFOPLIST_KEY_UISupportedInterfaceOrientations_iPhone = "UIInterfaceOrientationPortrait UIInterfaceOrientationLandscapeLeft UIInterfaceOrientationLandscapeRight";
				LD_RUNPATH_SEARCH_PATHS = (
					"$(inherited)",
					"@executable_path/Frameworks",
				);
				MARKETING_VERSION = 1.0;
				PRODUCT_BUNDLE_IDENTIFIER = "BlakHawk-Productions.Assessment-5-iTunes";
				PRODUCT_NAME = "$(TARGET_NAME)";
				SWIFT_EMIT_LOC_STRINGS = YES;
				SWIFT_VERSION = 5.0;
				TARGETED_DEVICE_FAMILY = "1,2";
			};
			name = Debug;
		};
		AF561C5929B5A4A6000EF400 /* Release */ = {
			isa = XCBuildConfiguration;
			buildSettings = {
				ASSETCATALOG_COMPILER_APPICON_NAME = AppIcon;
				ASSETCATALOG_COMPILER_GLOBAL_ACCENT_COLOR_NAME = AccentColor;
				CODE_SIGN_STYLE = Automatic;
				CURRENT_PROJECT_VERSION = 1;
				GENERATE_INFOPLIST_FILE = YES;
				INFOPLIST_FILE = "Assessment 5 iTunes/Supporting Files/Info.plist";
				INFOPLIST_KEY_UIApplicationSupportsIndirectInputEvents = YES;
				INFOPLIST_KEY_UILaunchStoryboardName = LaunchScreen;
				INFOPLIST_KEY_UIMainStoryboardFile = Main;
				INFOPLIST_KEY_UISupportedInterfaceOrientations_iPad = "UIInterfaceOrientationPortrait UIInterfaceOrientationPortraitUpsideDown UIInterfaceOrientationLandscapeLeft UIInterfaceOrientationLandscapeRight";
				INFOPLIST_KEY_UISupportedInterfaceOrientations_iPhone = "UIInterfaceOrientationPortrait UIInterfaceOrientationLandscapeLeft UIInterfaceOrientationLandscapeRight";
				LD_RUNPATH_SEARCH_PATHS = (
					"$(inherited)",
					"@executable_path/Frameworks",
				);
				MARKETING_VERSION = 1.0;
				PRODUCT_BUNDLE_IDENTIFIER = "BlakHawk-Productions.Assessment-5-iTunes";
				PRODUCT_NAME = "$(TARGET_NAME)";
				SWIFT_EMIT_LOC_STRINGS = YES;
				SWIFT_VERSION = 5.0;
				TARGETED_DEVICE_FAMILY = "1,2";
			};
			name = Release;
		};
/* End XCBuildConfiguration section */

/* Begin XCConfigurationList section */
		AF561C3E29B5A4A5000EF400 /* Build configuration list for PBXProject "Assessment 5 iTunes" */ = {
			isa = XCConfigurationList;
			buildConfigurations = (
				AF561C5529B5A4A6000EF400 /* Debug */,
				AF561C5629B5A4A6000EF400 /* Release */,
			);
			defaultConfigurationIsVisible = 0;
			defaultConfigurationName = Release;
		};
		AF561C5729B5A4A6000EF400 /* Build configuration list for PBXNativeTarget "Assessment 5 iTunes" */ = {
			isa = XCConfigurationList;
			buildConfigurations = (
				AF561C5829B5A4A6000EF400 /* Debug */,
				AF561C5929B5A4A6000EF400 /* Release */,
			);
			defaultConfigurationIsVisible = 0;
			defaultConfigurationName = Release;
		};
/* End XCConfigurationList section */
	};
	rootObject = AF561C3B29B5A4A5000EF400 /* Project object */;
}
